
Microsoft Visual Studio Solution File, Format Version 12.00
# Visual Studio Version 17
VisualStudioVersion = 17.0.32002.185
MinimumVisualStudioVersion = 10.0.40219.1
Project("{2150E333-8FDC-42A3-9474-1A3956D46DE8}") = "Libraries", "Libraries", "{E4ACA93B-D3DE-4557-B069-F1DB42925A4B}"
EndProject
Project("{2150E333-8FDC-42A3-9474-1A3956D46DE8}") = "Presentation", "Presentation", "{B09156FB-8291-46A2-AF37-67CE97CFB5A6}"
EndProject
Project("{2150E333-8FDC-42A3-9474-1A3956D46DE8}") = "Plugins", "Plugins", "{7881B112-7843-4542-B1F7-F99553FB9BB7}"
EndProject
Project("{9A19103F-16F7-4668-BE54-9A1E7A4F7556}") = "Nop.Web", "Presentation\Nop.Web\Nop.Web.csproj", "{4F1F649C-1020-45BE-A487-F416D9297FF3}"
EndProject
Project("{9A19103F-16F7-4668-BE54-9A1E7A4F7556}") = "Nop.Core", "Libraries\Nop.Core\Nop.Core.csproj", "{6BDA8332-939F-45B7-A25E-7A797260AE59}"
EndProject
Project("{9A19103F-16F7-4668-BE54-9A1E7A4F7556}") = "Nop.Data", "Libraries\Nop.Data\Nop.Data.csproj", "{CCD7F2C9-6A2C-4CF0-8E89-076B8FC0F144}"
EndProject
Project("{9A19103F-16F7-4668-BE54-9A1E7A4F7556}") = "Nop.Services", "Libraries\Nop.Services\Nop.Services.csproj", "{210541AD-F659-47DA-8763-16F36C5CD2F4}"
EndProject
Project("{9A19103F-16F7-4668-BE54-9A1E7A4F7556}") = "Nop.Web.Framework", "Presentation\Nop.Web.Framework\Nop.Web.Framework.csproj", "{75FD4163-333C-4DD5-854D-2EF294E45D94}"
EndProject
Project("{2150E333-8FDC-42A3-9474-1A3956D46DE8}") = "Tests", "Tests", "{E8FC6874-E230-468A-9685-4747354B92FF}"
EndProject
Project("{9A19103F-16F7-4668-BE54-9A1E7A4F7556}") = "Nop.Tests", "Tests\Nop.Tests\Nop.Tests.csproj", "{FD31C133-B4DE-4BB2-B327-1D0E2F2C95D4}"
EndProject
Project("{2150E333-8FDC-42A3-9474-1A3956D46DE8}") = "Lande Plugins", "Lande Plugins", "{6F80198D-25BA-4CB5-A616-5B31565896F4}"
EndProject
Project("{FAE04EC0-301F-11D3-BF4B-00C04F79EFBC}") = "Nop.Plugin.Integrations.LinensAndEvents", "..\..\nopCommerce-lande\plugins\Nop.Plugin.Integration.LinensAndEvents\Nop.Plugin.Integrations.LinensAndEvents.csproj", "{F1E67C14-723F-4248-A2BF-BCF3E3318E04}"
EndProject
Project("{FAE04EC0-301F-11D3-BF4B-00C04F79EFBC}") = "Nop.Plugin.Payments.AdminManual", "..\..\nopCommerce-lande\plugins\Nop.Plugin.Payments.AdminManual\Nop.Plugin.Payments.AdminManual.csproj", "{C34EF9BC-9CE4-41FB-BC6D-1FA36556A782}"
EndProject
Project("{FAE04EC0-301F-11D3-BF4B-00C04F79EFBC}") = "Nop.Plugin.Payments.ForteCC", "..\..\nopCommerce-lande\plugins\Nop.Plugin.Payments.ForteCC\Nop.Plugin.Payments.ForteCC.csproj", "{1141BB8D-65DE-451C-B813-7256B442C8A5}"
EndProject
Project("{FAE04EC0-301F-11D3-BF4B-00C04F79EFBC}") = "Nop.Plugin.Payments.ForteECheck", "..\..\nopCommerce-lande\plugins\Nop.Plugin.Payments.ForteECheck\Nop.Plugin.Payments.ForteECheck.csproj", "{D18D48B9-C83A-4937-8826-51958660449B}"
EndProject
Global
	GlobalSection(SolutionConfigurationPlatforms) = preSolution
		Debug|Any CPU = Debug|Any CPU
		Debug|Mixed Platforms = Debug|Mixed Platforms
		Debug|x86 = Debug|x86
		Release|Any CPU = Release|Any CPU
		Release|Mixed Platforms = Release|Mixed Platforms
		Release|x86 = Release|x86
	EndGlobalSection
	GlobalSection(ProjectConfigurationPlatforms) = postSolution
		{4F1F649C-1020-45BE-A487-F416D9297FF3}.Debug|Any CPU.ActiveCfg = Debug|Any CPU
		{4F1F649C-1020-45BE-A487-F416D9297FF3}.Debug|Any CPU.Build.0 = Debug|Any CPU
		{4F1F649C-1020-45BE-A487-F416D9297FF3}.Debug|Mixed Platforms.ActiveCfg = Debug|Any CPU
		{4F1F649C-1020-45BE-A487-F416D9297FF3}.Debug|Mixed Platforms.Build.0 = Debug|Any CPU
		{4F1F649C-1020-45BE-A487-F416D9297FF3}.Debug|x86.ActiveCfg = Debug|Any CPU
		{4F1F649C-1020-45BE-A487-F416D9297FF3}.Release|Any CPU.ActiveCfg = Release|Any CPU
		{4F1F649C-1020-45BE-A487-F416D9297FF3}.Release|Any CPU.Build.0 = Release|Any CPU
		{4F1F649C-1020-45BE-A487-F416D9297FF3}.Release|Mixed Platforms.ActiveCfg = Release|Any CPU
		{4F1F649C-1020-45BE-A487-F416D9297FF3}.Release|Mixed Platforms.Build.0 = Release|Any CPU
		{4F1F649C-1020-45BE-A487-F416D9297FF3}.Release|x86.ActiveCfg = Release|Any CPU
		{6BDA8332-939F-45B7-A25E-7A797260AE59}.Debug|Any CPU.ActiveCfg = Debug|Any CPU
		{6BDA8332-939F-45B7-A25E-7A797260AE59}.Debug|Any CPU.Build.0 = Debug|Any CPU
		{6BDA8332-939F-45B7-A25E-7A797260AE59}.Debug|Mixed Platforms.ActiveCfg = Debug|Any CPU
		{6BDA8332-939F-45B7-A25E-7A797260AE59}.Debug|Mixed Platforms.Build.0 = Debug|Any CPU
		{6BDA8332-939F-45B7-A25E-7A797260AE59}.Debug|x86.ActiveCfg = Debug|Any CPU
		{6BDA8332-939F-45B7-A25E-7A797260AE59}.Release|Any CPU.ActiveCfg = Release|Any CPU
		{6BDA8332-939F-45B7-A25E-7A797260AE59}.Release|Any CPU.Build.0 = Release|Any CPU
		{6BDA8332-939F-45B7-A25E-7A797260AE59}.Release|Mixed Platforms.ActiveCfg = Release|Any CPU
		{6BDA8332-939F-45B7-A25E-7A797260AE59}.Release|Mixed Platforms.Build.0 = Release|Any CPU
		{6BDA8332-939F-45B7-A25E-7A797260AE59}.Release|x86.ActiveCfg = Release|Any CPU
		{CCD7F2C9-6A2C-4CF0-8E89-076B8FC0F144}.Debug|Any CPU.ActiveCfg = Debug|Any CPU
		{CCD7F2C9-6A2C-4CF0-8E89-076B8FC0F144}.Debug|Any CPU.Build.0 = Debug|Any CPU
		{CCD7F2C9-6A2C-4CF0-8E89-076B8FC0F144}.Debug|Mixed Platforms.ActiveCfg = Debug|Any CPU
		{CCD7F2C9-6A2C-4CF0-8E89-076B8FC0F144}.Debug|Mixed Platforms.Build.0 = Debug|Any CPU
		{CCD7F2C9-6A2C-4CF0-8E89-076B8FC0F144}.Debug|x86.ActiveCfg = Debug|Any CPU
		{CCD7F2C9-6A2C-4CF0-8E89-076B8FC0F144}.Release|Any CPU.ActiveCfg = Release|Any CPU
		{CCD7F2C9-6A2C-4CF0-8E89-076B8FC0F144}.Release|Any CPU.Build.0 = Release|Any CPU
		{CCD7F2C9-6A2C-4CF0-8E89-076B8FC0F144}.Release|Mixed Platforms.ActiveCfg = Release|Any CPU
		{CCD7F2C9-6A2C-4CF0-8E89-076B8FC0F144}.Release|Mixed Platforms.Build.0 = Release|Any CPU
		{CCD7F2C9-6A2C-4CF0-8E89-076B8FC0F144}.Release|x86.ActiveCfg = Release|Any CPU
		{210541AD-F659-47DA-8763-16F36C5CD2F4}.Debug|Any CPU.ActiveCfg = Debug|Any CPU
		{210541AD-F659-47DA-8763-16F36C5CD2F4}.Debug|Any CPU.Build.0 = Debug|Any CPU
		{210541AD-F659-47DA-8763-16F36C5CD2F4}.Debug|Mixed Platforms.ActiveCfg = Debug|Any CPU
		{210541AD-F659-47DA-8763-16F36C5CD2F4}.Debug|Mixed Platforms.Build.0 = Debug|Any CPU
		{210541AD-F659-47DA-8763-16F36C5CD2F4}.Debug|x86.ActiveCfg = Debug|Any CPU
		{210541AD-F659-47DA-8763-16F36C5CD2F4}.Release|Any CPU.ActiveCfg = Release|Any CPU
		{210541AD-F659-47DA-8763-16F36C5CD2F4}.Release|Any CPU.Build.0 = Release|Any CPU
		{210541AD-F659-47DA-8763-16F36C5CD2F4}.Release|Mixed Platforms.ActiveCfg = Release|Any CPU
		{210541AD-F659-47DA-8763-16F36C5CD2F4}.Release|Mixed Platforms.Build.0 = Release|Any CPU
		{210541AD-F659-47DA-8763-16F36C5CD2F4}.Release|x86.ActiveCfg = Release|Any CPU
		{75FD4163-333C-4DD5-854D-2EF294E45D94}.Debug|Any CPU.ActiveCfg = Debug|Any CPU
		{75FD4163-333C-4DD5-854D-2EF294E45D94}.Debug|Any CPU.Build.0 = Debug|Any CPU
		{75FD4163-333C-4DD5-854D-2EF294E45D94}.Debug|Mixed Platforms.ActiveCfg = Debug|Any CPU
		{75FD4163-333C-4DD5-854D-2EF294E45D94}.Debug|Mixed Platforms.Build.0 = Debug|Any CPU
		{75FD4163-333C-4DD5-854D-2EF294E45D94}.Debug|x86.ActiveCfg = Debug|Any CPU
		{75FD4163-333C-4DD5-854D-2EF294E45D94}.Release|Any CPU.ActiveCfg = Release|Any CPU
		{75FD4163-333C-4DD5-854D-2EF294E45D94}.Release|Any CPU.Build.0 = Release|Any CPU
		{75FD4163-333C-4DD5-854D-2EF294E45D94}.Release|Mixed Platforms.ActiveCfg = Release|Any CPU
		{75FD4163-333C-4DD5-854D-2EF294E45D94}.Release|Mixed Platforms.Build.0 = Release|Any CPU
		{75FD4163-333C-4DD5-854D-2EF294E45D94}.Release|x86.ActiveCfg = Release|Any CPU
		{FD31C133-B4DE-4BB2-B327-1D0E2F2C95D4}.Debug|Any CPU.ActiveCfg = Debug|Any CPU
		{FD31C133-B4DE-4BB2-B327-1D0E2F2C95D4}.Debug|Any CPU.Build.0 = Debug|Any CPU
		{FD31C133-B4DE-4BB2-B327-1D0E2F2C95D4}.Debug|Mixed Platforms.ActiveCfg = Debug|Any CPU
		{FD31C133-B4DE-4BB2-B327-1D0E2F2C95D4}.Debug|Mixed Platforms.Build.0 = Debug|Any CPU
		{FD31C133-B4DE-4BB2-B327-1D0E2F2C95D4}.Debug|x86.ActiveCfg = Debug|Any CPU
		{FD31C133-B4DE-4BB2-B327-1D0E2F2C95D4}.Debug|x86.Build.0 = Debug|Any CPU
		{FD31C133-B4DE-4BB2-B327-1D0E2F2C95D4}.Release|Any CPU.ActiveCfg = Release|Any CPU
		{FD31C133-B4DE-4BB2-B327-1D0E2F2C95D4}.Release|Any CPU.Build.0 = Release|Any CPU
		{FD31C133-B4DE-4BB2-B327-1D0E2F2C95D4}.Release|Mixed Platforms.ActiveCfg = Release|Any CPU
		{FD31C133-B4DE-4BB2-B327-1D0E2F2C95D4}.Release|Mixed Platforms.Build.0 = Release|Any CPU
		{FD31C133-B4DE-4BB2-B327-1D0E2F2C95D4}.Release|x86.ActiveCfg = Release|Any CPU
		{FD31C133-B4DE-4BB2-B327-1D0E2F2C95D4}.Release|x86.Build.0 = Release|Any CPU
		{F1E67C14-723F-4248-A2BF-BCF3E3318E04}.Debug|Any CPU.ActiveCfg = Debug|Any CPU
		{F1E67C14-723F-4248-A2BF-BCF3E3318E04}.Debug|Any CPU.Build.0 = Debug|Any CPU
		{F1E67C14-723F-4248-A2BF-BCF3E3318E04}.Debug|Mixed Platforms.ActiveCfg = Debug|Any CPU
		{F1E67C14-723F-4248-A2BF-BCF3E3318E04}.Debug|Mixed Platforms.Build.0 = Debug|Any CPU
		{F1E67C14-723F-4248-A2BF-BCF3E3318E04}.Debug|x86.ActiveCfg = Debug|Any CPU
		{F1E67C14-723F-4248-A2BF-BCF3E3318E04}.Debug|x86.Build.0 = Debug|Any CPU
		{F1E67C14-723F-4248-A2BF-BCF3E3318E04}.Release|Any CPU.ActiveCfg = Release|Any CPU
		{F1E67C14-723F-4248-A2BF-BCF3E3318E04}.Release|Any CPU.Build.0 = Release|Any CPU
		{F1E67C14-723F-4248-A2BF-BCF3E3318E04}.Release|Mixed Platforms.ActiveCfg = Release|Any CPU
		{F1E67C14-723F-4248-A2BF-BCF3E3318E04}.Release|Mixed Platforms.Build.0 = Release|Any CPU
		{F1E67C14-723F-4248-A2BF-BCF3E3318E04}.Release|x86.ActiveCfg = Release|Any CPU
		{F1E67C14-723F-4248-A2BF-BCF3E3318E04}.Release|x86.Build.0 = Release|Any CPU
		{C34EF9BC-9CE4-41FB-BC6D-1FA36556A782}.Debug|Any CPU.ActiveCfg = Debug|Any CPU
		{C34EF9BC-9CE4-41FB-BC6D-1FA36556A782}.Debug|Any CPU.Build.0 = Debug|Any CPU
		{C34EF9BC-9CE4-41FB-BC6D-1FA36556A782}.Debug|Mixed Platforms.ActiveCfg = Debug|Any CPU
		{C34EF9BC-9CE4-41FB-BC6D-1FA36556A782}.Debug|Mixed Platforms.Build.0 = Debug|Any CPU
		{C34EF9BC-9CE4-41FB-BC6D-1FA36556A782}.Debug|x86.ActiveCfg = Debug|Any CPU
		{C34EF9BC-9CE4-41FB-BC6D-1FA36556A782}.Debug|x86.Build.0 = Debug|Any CPU
		{C34EF9BC-9CE4-41FB-BC6D-1FA36556A782}.Release|Any CPU.ActiveCfg = Release|Any CPU
		{C34EF9BC-9CE4-41FB-BC6D-1FA36556A782}.Release|Any CPU.Build.0 = Release|Any CPU
		{C34EF9BC-9CE4-41FB-BC6D-1FA36556A782}.Release|Mixed Platforms.ActiveCfg = Release|Any CPU
		{C34EF9BC-9CE4-41FB-BC6D-1FA36556A782}.Release|Mixed Platforms.Build.0 = Release|Any CPU
		{C34EF9BC-9CE4-41FB-BC6D-1FA36556A782}.Release|x86.ActiveCfg = Release|Any CPU
		{C34EF9BC-9CE4-41FB-BC6D-1FA36556A782}.Release|x86.Build.0 = Release|Any CPU
		{1141BB8D-65DE-451C-B813-7256B442C8A5}.Debug|Any CPU.ActiveCfg = Debug|Any CPU
		{1141BB8D-65DE-451C-B813-7256B442C8A5}.Debug|Any CPU.Build.0 = Debug|Any CPU
		{1141BB8D-65DE-451C-B813-7256B442C8A5}.Debug|Mixed Platforms.ActiveCfg = Debug|Any CPU
		{1141BB8D-65DE-451C-B813-7256B442C8A5}.Debug|Mixed Platforms.Build.0 = Debug|Any CPU
		{1141BB8D-65DE-451C-B813-7256B442C8A5}.Debug|x86.ActiveCfg = Debug|Any CPU
		{1141BB8D-65DE-451C-B813-7256B442C8A5}.Debug|x86.Build.0 = Debug|Any CPU
		{1141BB8D-65DE-451C-B813-7256B442C8A5}.Release|Any CPU.ActiveCfg = Release|Any CPU
		{1141BB8D-65DE-451C-B813-7256B442C8A5}.Release|Any CPU.Build.0 = Release|Any CPU
		{1141BB8D-65DE-451C-B813-7256B442C8A5}.Release|Mixed Platforms.ActiveCfg = Release|Any CPU
		{1141BB8D-65DE-451C-B813-7256B442C8A5}.Release|Mixed Platforms.Build.0 = Release|Any CPU
		{1141BB8D-65DE-451C-B813-7256B442C8A5}.Release|x86.ActiveCfg = Release|Any CPU
		{1141BB8D-65DE-451C-B813-7256B442C8A5}.Release|x86.Build.0 = Release|Any CPU
		{D18D48B9-C83A-4937-8826-51958660449B}.Debug|Any CPU.ActiveCfg = Debug|Any CPU
		{D18D48B9-C83A-4937-8826-51958660449B}.Debug|Any CPU.Build.0 = Debug|Any CPU
		{D18D48B9-C83A-4937-8826-51958660449B}.Debug|Mixed Platforms.ActiveCfg = Debug|Any CPU
		{D18D48B9-C83A-4937-8826-51958660449B}.Debug|Mixed Platforms.Build.0 = Debug|Any CPU
		{D18D48B9-C83A-4937-8826-51958660449B}.Debug|x86.ActiveCfg = Debug|Any CPU
		{D18D48B9-C83A-4937-8826-51958660449B}.Debug|x86.Build.0 = Debug|Any CPU
		{D18D48B9-C83A-4937-8826-51958660449B}.Release|Any CPU.ActiveCfg = Release|Any CPU
		{D18D48B9-C83A-4937-8826-51958660449B}.Release|Any CPU.Build.0 = Release|Any CPU
		{D18D48B9-C83A-4937-8826-51958660449B}.Release|Mixed Platforms.ActiveCfg = Release|Any CPU
		{D18D48B9-C83A-4937-8826-51958660449B}.Release|Mixed Platforms.Build.0 = Release|Any CPU
		{D18D48B9-C83A-4937-8826-51958660449B}.Release|x86.ActiveCfg = Release|Any CPU
		{D18D48B9-C83A-4937-8826-51958660449B}.Release|x86.Build.0 = Release|Any CPU
	EndGlobalSection
	GlobalSection(SolutionProperties) = preSolution
		HideSolutionNode = FALSE
	EndGlobalSection
	GlobalSection(NestedProjects) = preSolution
		{4F1F649C-1020-45BE-A487-F416D9297FF3} = {B09156FB-8291-46A2-AF37-67CE97CFB5A6}
		{6BDA8332-939F-45B7-A25E-7A797260AE59} = {E4ACA93B-D3DE-4557-B069-F1DB42925A4B}
		{CCD7F2C9-6A2C-4CF0-8E89-076B8FC0F144} = {E4ACA93B-D3DE-4557-B069-F1DB42925A4B}
		{210541AD-F659-47DA-8763-16F36C5CD2F4} = {E4ACA93B-D3DE-4557-B069-F1DB42925A4B}
		{75FD4163-333C-4DD5-854D-2EF294E45D94} = {B09156FB-8291-46A2-AF37-67CE97CFB5A6}
		{FD31C133-B4DE-4BB2-B327-1D0E2F2C95D4} = {E8FC6874-E230-468A-9685-4747354B92FF}
		{F1E67C14-723F-4248-A2BF-BCF3E3318E04} = {6F80198D-25BA-4CB5-A616-5B31565896F4}
		{C34EF9BC-9CE4-41FB-BC6D-1FA36556A782} = {6F80198D-25BA-4CB5-A616-5B31565896F4}
		{1141BB8D-65DE-451C-B813-7256B442C8A5} = {6F80198D-25BA-4CB5-A616-5B31565896F4}
		{D18D48B9-C83A-4937-8826-51958660449B} = {6F80198D-25BA-4CB5-A616-5B31565896F4}
	EndGlobalSection
	GlobalSection(ExtensibilityGlobals) = postSolution
		SolutionGuid = {EE72A8B2-332A-4175-9319-6726D36E9D25}
	EndGlobalSection
	GlobalSection(NDepend) = preSolution
		Project = ".\NopCommerce.ndproj"
	EndGlobalSection
EndGlobal
